Microsoft Visual Studio Solution File, Format Version 12.00
# Visual Studio Version 17
VisualStudioVersion = 17.14.0.0
MinimumVisualStudioVersion = 10.0.40219.1
Project("{8BC9CEB8-8B4A-11D0-8D11-00A0C91BC942}") = "MarvelRivalsUTOCSignatureBypass", "MarvelRivalsUTOCSignatureBypass\MarvelRivalsUTOCSignatureBypass.vcxproj", "{DD668AA2-1D75-4999-8729-2A7588984FD0}"
EndProject
Project("{8BC9CEB8-8B4A-11D0-8D11-00A0C91BC942}") = "Tests", "tests\Tests.vcxproj", "{5B0C3A6E-8D21-4C7F-9E4A-2F6D1B8C7A90}"
EndProject
Global
	GlobalSection(SolutionConfigurationPlatforms) = preSolution
		Debug|x64 = Debug|x64
		Release|x64 = Release|x64
	EndGlobalSection
	GlobalSection(ProjectConfigurationPlatforms) = postSolution
		{DD668AA2-1D75-4999-8729-2A7588984FD0}.Debug|x64.ActiveCfg = Debug|x64
		{DD668AA2-1D75-4999-8729-2A7588984FD0}.Debug|x64.Build.0 = Debug|x64
		{DD668AA2-1D75-4999-8729-2A7588984FD0}.Release|x64.ActiveCfg = Release|x64
		{DD668AA2-1D75-4999-8729-2A7588984FD0}.Release|x64.Build.0 = Release|x64
		{5B0C3A6E-8D21-4C7F-9E4A-2F6D1B8C7A90}.Debug|x64.ActiveCfg = Debug|x64
		{5B0C3A6E-8D21-4C7F-9E4A-2F6D1B8C7A90}.Debug|x64.Build.0 = Debug|x64
		{5B0C3A6E-8D21-4C7F-9E4A-2F6D1B8C7A90}.Release|x64.ActiveCfg = Release|x64
		{5B0C3A6E-8D21-4C7F-9E4A-2F6D1B8C7A90}.Release|x64.Build.0 = Release|x64
	EndGlobalSection
	GlobalSection(SolutionProperties) = preSolution
		HideSolutionNode = FALSE
	EndGlobalSection
	GlobalSection(ExtensibilityGlobals) = postSolution
		SolutionGuid = {2EF4F401-ADD5-40E3-ABDF-621184C3564C}
	EndGlobalSection
EndGlobal
